// !$*UTF8*$!
{
	archiveVersion = 1;
	classes = {
	};
	objectVersion = 56;
	objects = {

/* Begin PBXBuildFile section */
		1A7F1D252EE44E36B5E31331 /* Assets.xcassets in Resources */ = {isa = PBXBuildFile; fileRef = 41B4F780D95049A5A71162AE /* Assets.xcassets */; };
		0A982CD5BEDD40228B99C2F0 /* EyethuApp.swift in Sources */ = {isa = PBXBuildFile; fileRef = 74A0FCE3673F45BFBB8DF343 /* EyethuApp.swift */; };
		0C83E69EB59A4998A4A3E0FE /* LoginView.swift in Sources */ = {isa = PBXBuildFile; fileRef = 7527F67E56EB4D12B93885F5 /* LoginView.swift */; };
		2639703024FA43F78D1350D9 /* IssueListView.swift in Sources */ = {isa = PBXBuildFile; fileRef = E6D6121EACA549A9924552DB /* IssueListView.swift */; };
		2DCA69079AC547A695082F68 /* HomeView.swift in Sources */ = {isa = PBXBuildFile; fileRef = F3BAAB6CE76E4145AF953DA5 /* HomeView.swift */; };
		574122C0622A492084F84AD3 /* StatCard.swift in Sources */ = {isa = PBXBuildFile; fileRef = 57B3FD0D248F4ABBA3E14DD9 /* StatCard.swift */; };
		68BEB3880309418A86B825A5 /* ContentView.swift in Sources */ = {isa = PBXBuildFile; fileRef = 2115492B2C904924A2C42796 /* ContentView.swift */; };
		69556B3533414597A50EE39F /* IssueDetailView.swift in Sources */ = {isa = PBXBuildFile; fileRef = F2119021F05F42ABB4008E16 /* IssueDetailView.swift */; };
		6AEA5CEAD3264F92B349D2C6 /* IssueRowView.swift in Sources */ = {isa = PBXBuildFile; fileRef = B64B142F5CE84989B5D0CD85 /* IssueRowView.swift */; };
		70AEC34F89784FA2948A211C /* APIService.swift in Sources */ = {isa = PBXBuildFile; fileRef = 7417DC26404D4E878051386E /* APIService.swift */; };
		7C3D0738925E4268A47210FF /* Issue.swift in Sources */ = {isa = PBXBuildFile; fileRef = 5E05DD641BAA4CBE8C782F97 /* Issue.swift */; };
		90B5931759114300B6994146 /* ReportIssueView.swift in Sources */ = {isa = PBXBuildFile; fileRef = DAD556B2059F4EAAB4C57327 /* ReportIssueView.swift */; };
		9CD17DD5681146C1A49E0008 /* IssueMapView.swift in Sources */ = {isa = PBXBuildFile; fileRef = 952150F230D6447CBA75F3D2 /* IssueMapView.swift */; };
		3D54D71497F145ADB71512CF /* MapLocationPickerSheet.swift in Sources */ = {isa = PBXBuildFile; fileRef = 07FEAAC87AFC44CC8EB7D13F /* MapLocationPickerSheet.swift */; };
		9ED76D0D471A4920A72C373D /* RingProgressView.swift in Sources */ = {isa = PBXBuildFile; fileRef = 2B5DAB5D513E4B90B17F59D4 /* RingProgressView.swift */; };
		A63392BE533A4FF8B24492DC /* LocationHelper.swift in Sources */ = {isa = PBXBuildFile; fileRef = 24FE78C426B24171BEF67142 /* LocationHelper.swift */; };
		D11F8774F9B945E2A9526EBA /* ImagePickerViews.swift in Sources */ = {isa = PBXBuildFile; fileRef = 837A3A1F35554EB9A410E4C3 /* ImagePickerViews.swift */; };
		F2B3B283057A42EA88B0CF62 /* ProfileView.swift in Sources */ = {isa = PBXBuildFile; fileRef = AC5EA21C1B6440119310C75F /* ProfileView.swift */; };
		FF45CF127507491EA0669492 /* IssueStore.swift in Sources */ = {isa = PBXBuildFile; fileRef = BAA355AAB5314618921223BD /* IssueStore.swift */; };
/* End PBXBuildFile section */

/* Begin PBXFileReference section */
		2115492B2C904924A2C42796 /* ContentView.swift */ = {isa = PBXFileReference; lastKnownFileType = sourcecode.swift; path = ContentView.swift; sourceTree = "<group>"; };
		24FE78C426B24171BEF67142 /* LocationHelper.swift */ = {isa = PBXFileReference; lastKnownFileType = sourcecode.swift; path = LocationHelper.swift; sourceTree = "<group>"; };
		2B5DAB5D513E4B90B17F59D4 /* RingProgressView.swift */ = {isa = PBXFileReference; lastKnownFileType = sourcecode.swift; path = RingProgressView.swift; sourceTree = "<group>"; };
		2EF20C40608A45AFA3774D2D /* Info.plist */ = {isa = PBXFileReference; lastKnownFileType = text.plist.xml; path = Info.plist; sourceTree = "<group>"; };
		41B4F780D95049A5A71162AE /* Assets.xcassets */ = {isa = PBXFileReference; lastKnownFileType = folder.assetcatalog; path = Assets.xcassets; sourceTree = "<group>"; };
		57B3FD0D248F4ABBA3E14DD9 /* StatCard.swift */ = {isa = PBXFileReference; lastKnownFileType = sourcecode.swift; path = StatCard.swift; sourceTree = "<group>"; };
		5E05DD641BAA4CBE8C782F97 /* Issue.swift */ = {isa = PBXFileReference; lastKnownFileType = sourcecode.swift; path = Issue.swift; sourceTree = "<group>"; };
		6A3C1E04021C4E978812F058 /* Eyethu.app */ = {isa = PBXFileReference; explicitFileType = wrapper.application; includeInIndex = 0; path = Eyethu.app; sourceTree = BUILT_PRODUCTS_DIR; };
		7417DC26404D4E878051386E /* APIService.swift */ = {isa = PBXFileReference; lastKnownFileType = sourcecode.swift; path = APIService.swift; sourceTree = "<group>"; };
		74A0FCE3673F45BFBB8DF343 /* EyethuApp.swift */ = {isa = PBXFileReference; lastKnownFileType = sourcecode.swift; path = EyethuApp.swift; sourceTree = "<group>"; };
		7527F67E56EB4D12B93885F5 /* LoginView.swift */ = {isa = PBXFileReference; lastKnownFileType = sourcecode.swift; path = LoginView.swift; sourceTree = "<group>"; };
		837A3A1F35554EB9A410E4C3 /* ImagePickerViews.swift */ = {isa = PBXFileReference; lastKnownFileType = sourcecode.swift; path = ImagePickerViews.swift; sourceTree = "<group>"; };
		952150F230D6447CBA75F3D2 /* IssueMapView.swift */ = {isa = PBXFileReference; lastKnownFileType = sourcecode.swift; path = IssueMapView.swift; sourceTree = "<group>"; };
		07FEAAC87AFC44CC8EB7D13F /* MapLocationPickerSheet.swift */ = {isa = PBXFileReference; lastKnownFileType = sourcecode.swift; path = MapLocationPickerSheet.swift; sourceTree = "<group>"; };
		AC5EA21C1B6440119310C75F /* ProfileView.swift */ = {isa = PBXFileReference; lastKnownFileType = sourcecode.swift; path = ProfileView.swift; sourceTree = "<group>"; };
		B64B142F5CE84989B5D0CD85 /* IssueRowView.swift */ = {isa = PBXFileReference; lastKnownFileType = sourcecode.swift; path = IssueRowView.swift; sourceTree = "<group>"; };
		BAA355AAB5314618921223BD /* IssueStore.swift */ = {isa = PBXFileReference; lastKnownFileType = sourcecode.swift; path = IssueStore.swift; sourceTree = "<group>"; };
		DAD556B2059F4EAAB4C57327 /* ReportIssueView.swift */ = {isa = PBXFileReference; lastKnownFileType = sourcecode.swift; path = ReportIssueView.swift; sourceTree = "<group>"; };
		E6D6121EACA549A9924552DB /* IssueListView.swift */ = {isa = PBXFileReference; lastKnownFileType = sourcecode.swift; path = IssueListView.swift; sourceTree = "<group>"; };
		F2119021F05F42ABB4008E16 /* IssueDetailView.swift */ = {isa = PBXFileReference; lastKnownFileType = sourcecode.swift; path = IssueDetailView.swift; sourceTree = "<group>"; };
		F3BAAB6CE76E4145AF953DA5 /* HomeView.swift */ = {isa = PBXFileReference; lastKnownFileType = sourcecode.swift; path = HomeView.swift; sourceTree = "<group>"; };
/* End PBXFileReference section */

/* Begin PBXFrameworksBuildPhase section */
		CE47E0A8A1C44DC3AF579D27 /* Frameworks */ = {
			isa = PBXFrameworksBuildPhase;
			buildActionMask = 2147483647;
			files = (
			);
			runOnlyForDeploymentPostprocessing = 0;
		};
/* End PBXFrameworksBuildPhase section */

/* Begin PBXGroup section */
		1B00EB553AF74E38879D7358 /* Models */ = {
			isa = PBXGroup;
			children = (
				5E05DD641BAA4CBE8C782F97 /* Issue.swift */,
				BAA355AAB5314618921223BD /* IssueStore.swift */,
			);
			path = Models;
			sourceTree = "<group>";
		};
		2C05BEA6ECF14722A6688FF2 /* Services */ = {
			isa = PBXGroup;
			children = (
				7417DC26404D4E878051386E /* APIService.swift */,
				24FE78C426B24171BEF67142 /* LocationHelper.swift */,
			);
			path = Services;
			sourceTree = "<group>";
		};
		70CE1C7325AB444FA1F311A8 /* Views */ = {
			isa = PBXGroup;
			children = (
				F3BAAB6CE76E4145AF953DA5 /* HomeView.swift */,
				F2119021F05F42ABB4008E16 /* IssueDetailView.swift */,
				E6D6121EACA549A9924552DB /* IssueListView.swift */,
				952150F230D6447CBA75F3D2 /* IssueMapView.swift */,
				07FEAAC87AFC44CC8EB7D13F /* MapLocationPickerSheet.swift */,
				7527F67E56EB4D12B93885F5 /* LoginView.swift */,
				AC5EA21C1B6440119310C75F /* ProfileView.swift */,
				DAD556B2059F4EAAB4C57327 /* ReportIssueView.swift */,
			);
			path = Views;
			sourceTree = "<group>";
		};
		908715DE7C134349BF8B4C54 = {
			isa = PBXGroup;
			children = (
				A2D5AE741D074CDD83845E88 /* Eyethu */,
				C4CACB114C2E429FAD9D7A81 /* Products */,
			);
			sourceTree = "<group>";
		};
		A2D5AE741D074CDD83845E88 /* Eyethu */ = {
			isa = PBXGroup;
			children = (
				74A0FCE3673F45BFBB8DF343 /* EyethuApp.swift */,
				2115492B2C904924A2C42796 /* ContentView.swift */,
				1B00EB553AF74E38879D7358 /* Models */,
				70CE1C7325AB444FA1F311A8 /* Views */,
				C61542B53D024734B9918221 /* Components */,
				2C05BEA6ECF14722A6688FF2 /* Services */,
				41B4F780D95049A5A71162AE /* Assets.xcassets */,
				2EF20C40608A45AFA3774D2D /* Info.plist */,
			);
			path = Eyethu;
			sourceTree = "<group>";
		};
		C4CACB114C2E429FAD9D7A81 /* Products */ = {
			isa = PBXGroup;
			children = (
				6A3C1E04021C4E978812F058 /* Eyethu.app */,
			);
			name = Products;
			sourceTree = "<group>";
		};
		C61542B53D024734B9918221 /* Components */ = {
			isa = PBXGroup;
			children = (
				2B5DAB5D513E4B90B17F59D4 /* RingProgressView.swift */,
				57B3FD0D248F4ABBA3E14DD9 /* StatCard.swift */,
				B64B142F5CE84989B5D0CD85 /* IssueRowView.swift */,
				837A3A1F35554EB9A410E4C3 /* ImagePickerViews.swift */,
			);
			path = Components;
			sourceTree = "<group>";
		};
/* End PBXGroup section */

/* Begin PBXNativeTarget section */
		E109A0DD3F4843FF91539C6F /* Eyethu */ = {
			isa = PBXNativeTarget;
			buildConfigurationList = 7E844818EEF2404299C627BE /* Build configuration list for PBXNativeTarget "Eyethu" */;
			buildPhases = (
				7576DE5069A04178ABE65EC8 /* Sources */,
				CE47E0A8A1C44DC3AF579D27 /* Frameworks */,
				3B4D68D0AD974B33A9347ABE /* Resources */,
			);
			buildRules = (
			);
			dependencies = (
			);
			name = Eyethu;
			productName = Eyethu;
			productReference = 6A3C1E04021C4E978812F058 /* Eyethu.app */;
			productType = "com.apple.product-type.application";
		};
/* End PBXNativeTarget section */

/* Begin PBXProject section */
		09AEC99B820F4E11AD0B5325 /* Project object */ = {
			isa = PBXProject;
			attributes = {
				BuildIndependentTargetsInParallel = 1;
				LastSwiftUpdateCheck = 1500;
				LastUpgradeCheck = 1500;
				TargetAttributes = {
					E109A0DD3F4843FF91539C6F = {
						CreatedOnToolsVersion = 15.0;
					};
				};
			};
			buildConfigurationList = 038FD11188EF4F1389D6368C /* Build configuration list for PBXProject "Eyethu" */;
			compatibilityVersion = "Xcode 14.0";
			developmentRegion = en;
			hasScannedForEncodings = 0;
			knownRegions = (
				en,
				Base,
			);
			mainGroup = 908715DE7C134349BF8B4C54;
			productRefGroup = C4CACB114C2E429FAD9D7A81 /* Products */;
			projectDirPath = "";
			projectRoot = "";
			targets = (
				E109A0DD3F4843FF91539C6F /* Eyethu */,
			);
		};
/* End PBXProject section */

/* Begin PBXResourcesBuildPhase section */
		3B4D68D0AD974B33A9347ABE /* Resources */ = {
			isa = PBXResourcesBuildPhase;
			buildActionMask = 2147483647;
			files = (
				1A7F1D252EE44E36B5E31331 /* Assets.xcassets in Resources */,
			);
			runOnlyForDeploymentPostprocessing = 0;
		};
/* End PBXResourcesBuildPhase section */

/* Begin PBXSourcesBuildPhase section */
		7576DE5069A04178ABE65EC8 /* Sources */ = {
			isa = PBXSourcesBuildPhase;
			buildActionMask = 2147483647;
			files = (
				0A982CD5BEDD40228B99C2F0 /* EyethuApp.swift in Sources */,
				68BEB3880309418A86B825A5 /* ContentView.swift in Sources */,
				7C3D0738925E4268A47210FF /* Issue.swift in Sources */,
				FF45CF127507491EA0669492 /* IssueStore.swift in Sources */,
				70AEC34F89784FA2948A211C /* APIService.swift in Sources */,
				A63392BE533A4FF8B24492DC /* LocationHelper.swift in Sources */,
				2DCA69079AC547A695082F68 /* HomeView.swift in Sources */,
				69556B3533414597A50EE39F /* IssueDetailView.swift in Sources */,
				2639703024FA43F78D1350D9 /* IssueListView.swift in Sources */,
				9CD17DD5681146C1A49E0008 /* IssueMapView.swift in Sources */,
				3D54D71497F145ADB71512CF /* MapLocationPickerSheet.swift in Sources */,
				0C83E69EB59A4998A4A3E0FE /* LoginView.swift in Sources */,
				F2B3B283057A42EA88B0CF62 /* ProfileView.swift in Sources */,
				90B5931759114300B6994146 /* ReportIssueView.swift in Sources */,
				9ED76D0D471A4920A72C373D /* RingProgressView.swift in Sources */,
				574122C0622A492084F84AD3 /* StatCard.swift in Sources */,
				6AEA5CEAD3264F92B349D2C6 /* IssueRowView.swift in Sources */,
				D11F8774F9B945E2A9526EBA /* ImagePickerViews.swift in Sources */,
			);
			runOnlyForDeploymentPostprocessing = 0;
		};
/* End PBXSourcesBuildPhase section */

/* Begin XCBuildConfiguration section */
		1C89C2FA831C4C98B94AAA13 /* Debug */ = {
			isa = XCBuildConfiguration;
			buildSettings = {
				ALWAYS_SEARCH_USER_PATHS = NO;
				CLANG_ENABLE_MODULES = YES;
				CLANG_ENABLE_OBJC_ARC = YES;
				DEBUG_INFORMATION_FORMAT = dwarf;
				ENABLE_TESTABILITY = YES;
				GCC_OPTIMIZATION_LEVEL = 0;
				GCC_PREPROCESSOR_DEFINITIONS = (
					"DEBUG=1",
					"$(inherited)",
				);
				IPHONEOS_DEPLOYMENT_TARGET = 17.0;
				ONLY_ACTIVE_ARCH = YES;
				SDKROOT = iphoneos;
				SWIFT_ACTIVE_COMPILATION_CONDITIONS = DEBUG;
				SWIFT_OPTIMIZATION_LEVEL = "-Onone";
			};
			name = Debug;
		};
		30541485EA18426589AB688F /* Release */ = {
			isa = XCBuildConfiguration;
			buildSettings = {
				ALWAYS_SEARCH_USER_PATHS = NO;
				CLANG_ENABLE_MODULES = YES;
				CLANG_ENABLE_OBJC_ARC = YES;
				DEBUG_INFORMATION_FORMAT = "dwarf-with-dsym";
				ENABLE_NS_ASSERTIONS = NO;
				IPHONEOS_DEPLOYMENT_TARGET = 17.0;
				SDKROOT = iphoneos;
				SWIFT_COMPILATION_MODE = wholemodule;
				SWIFT_OPTIMIZATION_LEVEL = "-O";
				VALIDATE_PRODUCT = YES;
			};
			name = Release;
		};
		5359CAC7E6314D92B6131233 /* Release */ = {
			isa = XCBuildConfiguration;
			buildSettings = {
				ASSETCATALOG_COMPILER_APPICON_NAME = AppIcon;
				CODE_SIGN_STYLE = Automatic;
				CURRENT_PROJECT_VERSION = 1;
				DEVELOPMENT_TEAM = PR7DR54HF3;
				ENABLE_PREVIEWS = YES;
				GENERATE_INFOPLIST_FILE = NO;
				INFOPLIST_FILE = Eyethu/Info.plist;
				IPHONEOS_DEPLOYMENT_TARGET = 17.0;
				MARKETING_VERSION = 1.0;
				PRODUCT_BUNDLE_IDENTIFIER = app.eyethu.ios;
				PRODUCT_NAME = "$(TARGET_NAME)";
				SWIFT_VERSION = 5.0;
				TARGETED_DEVICE_FAMILY = 1;
			};
			name = Release;
		};
		C59D43DD59874739927D114D /* Debug */ = {
			isa = XCBuildConfiguration;
			buildSettings = {
				ASSETCATALOG_COMPILER_APPICON_NAME = AppIcon;
				CODE_SIGN_STYLE = Automatic;
				CURRENT_PROJECT_VERSION = 1;
				DEVELOPMENT_TEAM = PR7DR54HF3;
				ENABLE_PREVIEWS = YES;
				GENERATE_INFOPLIST_FILE = NO;
				INFOPLIST_FILE = Eyethu/Info.plist;
				IPHONEOS_DEPLOYMENT_TARGET = 17.0;
				MARKETING_VERSION = 1.0;
				PRODUCT_BUNDLE_IDENTIFIER = app.eyethu.ios;
				PRODUCT_NAME = "$(TARGET_NAME)";
				SWIFT_VERSION = 5.0;
				TARGETED_DEVICE_FAMILY = 1;
			};
			name = Debug;
		};
/* End XCBuildConfiguration section */

/* Begin XCConfigurationList section */
		038FD11188EF4F1389D6368C /* Build configuration list for PBXProject "Eyethu" */ = {
			isa = XCConfigurationList;
			buildConfigurations = (
				1C89C2FA831C4C98B94AAA13 /* Debug */,
				30541485EA18426589AB688F /* Release */,
			);
			defaultConfigurationIsVisible = 0;
			defaultConfigurationName = Release;
		};
		7E844818EEF2404299C627BE /* Build configuration list for PBXNativeTarget "Eyethu" */ = {
			isa = XCConfigurationList;
			buildConfigurations = (
				C59D43DD59874739927D114D /* Debug */,
				5359CAC7E6314D92B6131233 /* Release */,
			);
			defaultConfigurationIsVisible = 0;
			defaultConfigurationName = Release;
		};
/* End XCConfigurationList section */
	};
	rootObject = 09AEC99B820F4E11AD0B5325 /* Project object */;
}
